
Microsoft Visual Studio Solution File, Format Version 12.00
# Visual Studio Version 17
VisualStudioVersion = 17.5.002.0
MinimumVisualStudioVersion = 10.0.40219.1
Project("{9A19103F-16F7-4668-BE54-9A1E7A4F7556}") = "Task3", "Task3.csproj", "{1DB9497C-8601-4CDE-956B-33640F3E5266}"
EndProject
Global
	GlobalSection(SolutionConfigurationPlatforms) = preSolution
		Debug|Any CPU = Debug|Any CPU
		Release|Any CPU = Release|Any CPU
	EndGlobalSection
	GlobalSection(ProjectConfigurationPlatforms) = postSolution
		{1DB9497C-8601-4CDE-956B-33640F3E5266}.Debug|Any CPU.ActiveCfg = Debug|Any CPU
		{1DB9497C-8601-4CDE-956B-33640F3E5266}.Debug|Any CPU.Build.0 = Debug|Any CPU
		{1DB9497C-8601-4CDE-956B-33640F3E5266}.Release|Any CPU.ActiveCfg = Release|Any CPU
		{1DB9497C-8601-4CDE-956B-33640F3E5266}.Release|Any CPU.Build.0 = Release|Any CPU
	EndGlobalSection
	GlobalSection(SolutionProperties) = preSolution
		HideSolutionNode = FALSE
	EndGlobalSection
	GlobalSection(ExtensibilityGlobals) = postSolution
		SolutionGuid = {21982474-FE14-48BF-822B-D2B7B1BA07FB}
	EndGlobalSection
EndGlobal
